
Microsoft Visual Studio Solution File, Format Version 12.00
# Visual Studio Version 17
VisualStudioVersion = 17.2.32630.192
MinimumVisualStudioVersion = 10.0.40219.1
Project("{FAE04EC0-301F-11D3-BF4B-00C04F79EFBC}") = "RentaCar.Api", "RentaCar.Api\RentaCar.Api.csproj", "{DB0692DA-FD1C-4F5B-8610-1BC266FD113B}"
EndProject
Project("{FAE04EC0-301F-11D3-BF4B-00C04F79EFBC}") = "RentaCar.Contracts", "RentaCar.Contracts\RentaCar.Contracts.csproj", "{8FF59D53-BC43-43F4-AF86-68000DF89722}"
EndProject
Project("{FAE04EC0-301F-11D3-BF4B-00C04F79EFBC}") = "RentaCar.Application", "RentaCar.Application\RentaCar.Application.csproj", "{E755BE3F-D164-44ED-983C-54BA6C5A21F9}"
EndProject
Project("{FAE04EC0-301F-11D3-BF4B-00C04F79EFBC}") = "RentaCar.Infrastructure", "RentaCar.Infrastructure\RentaCar.Infrastructure.csproj", "{DDF2B4AA-C50F-48DB-9277-2007794F21D4}"
EndProject
Project("{FAE04EC0-301F-11D3-BF4B-00C04F79EFBC}") = "RentaCar.Domain", "RentaCar.Domain\RentaCar.Domain.csproj", "{C7A36007-49B6-48B6-B186-8E9A7367C96F}"
EndProject
Global
	GlobalSection(SolutionConfigurationPlatforms) = preSolution
		Debug|Any CPU = Debug|Any CPU
		Release|Any CPU = Release|Any CPU
	EndGlobalSection
	GlobalSection(ProjectConfigurationPlatforms) = postSolution
		{DB0692DA-FD1C-4F5B-8610-1BC266FD113B}.Debug|Any CPU.ActiveCfg = Debug|Any CPU
		{DB0692DA-FD1C-4F5B-8610-1BC266FD113B}.Debug|Any CPU.Build.0 = Debug|Any CPU
		{DB0692DA-FD1C-4F5B-8610-1BC266FD113B}.Release|Any CPU.ActiveCfg = Release|Any CPU
		{DB0692DA-FD1C-4F5B-8610-1BC266FD113B}.Release|Any CPU.Build.0 = Release|Any CPU
		{8FF59D53-BC43-43F4-AF86-68000DF89722}.Debug|Any CPU.ActiveCfg = Debug|Any CPU
		{8FF59D53-BC43-43F4-AF86-68000DF89722}.Debug|Any CPU.Build.0 = Debug|Any CPU
		{8FF59D53-BC43-43F4-AF86-68000DF89722}.Release|Any CPU.ActiveCfg = Release|Any CPU
		{8FF59D53-BC43-43F4-AF86-68000DF89722}.Release|Any CPU.Build.0 = Release|Any CPU
		{E755BE3F-D164-44ED-983C-54BA6C5A21F9}.Debug|Any CPU.ActiveCfg = Debug|Any CPU
		{E755BE3F-D164-44ED-983C-54BA6C5A21F9}.Debug|Any CPU.Build.0 = Debug|Any CPU
		{E755BE3F-D164-44ED-983C-54BA6C5A21F9}.Release|Any CPU.ActiveCfg = Release|Any CPU
		{E755BE3F-D164-44ED-983C-54BA6C5A21F9}.Release|Any CPU.Build.0 = Release|Any CPU
		{DDF2B4AA-C50F-48DB-9277-2007794F21D4}.Debug|Any CPU.ActiveCfg = Debug|Any CPU
		{DDF2B4AA-C50F-48DB-9277-2007794F21D4}.Debug|Any CPU.Build.0 = Debug|Any CPU
		{DDF2B4AA-C50F-48DB-9277-2007794F21D4}.Release|Any CPU.ActiveCfg = Release|Any CPU
		{DDF2B4AA-C50F-48DB-9277-2007794F21D4}.Release|Any CPU.Build.0 = Release|Any CPU
		{C7A36007-49B6-48B6-B186-8E9A7367C96F}.Debug|Any CPU.ActiveCfg = Debug|Any CPU
		{C7A36007-49B6-48B6-B186-8E9A7367C96F}.Debug|Any CPU.Build.0 = Debug|Any CPU
		{C7A36007-49B6-48B6-B186-8E9A7367C96F}.Release|Any CPU.ActiveCfg = Release|Any CPU
		{C7A36007-49B6-48B6-B186-8E9A7367C96F}.Release|Any CPU.Build.0 = Release|Any CPU
	EndGlobalSection
	GlobalSection(SolutionProperties) = preSolution
		HideSolutionNode = FALSE
	EndGlobalSection
	GlobalSection(ExtensibilityGlobals) = postSolution
		SolutionGuid = {19451E00-23D7-4804-9FAE-2C3D738B002D}
	EndGlobalSection
EndGlobal
